
Microsoft Visual Studio Solution File, Format Version 11.00
# Visual Studio 2010
Project("{FAE04EC0-301F-11D3-BF4B-00C04F79EFBC}") = "Assembly-CSharp", "Assembly-CSharp.csproj", "{D78C6442-8C15-DA29-63BA-9D22B0C67022}"
EndProject
Project("{FAE04EC0-301F-11D3-BF4B-00C04F79EFBC}") = "Assembly-CSharp-Editor", "Assembly-CSharp-Editor.csproj", "{693BA64F-C475-9222-BA3E-0179076DD55A}"
EndProject
Global
	GlobalSection(SolutionConfigurationPlatforms) = preSolution
		Debug|Any CPU = Debug|Any CPU
		Release|Any CPU = Release|Any CPU
	EndGlobalSection
	GlobalSection(ProjectConfigurationPlatforms) = postSolution
		{D78C6442-8C15-DA29-63BA-9D22B0C67022}.Debug|Any CPU.ActiveCfg = Debug|Any CPU
		{D78C6442-8C15-DA29-63BA-9D22B0C67022}.Debug|Any CPU.Build.0 = Debug|Any CPU
		{D78C6442-8C15-DA29-63BA-9D22B0C67022}.Release|Any CPU.ActiveCfg = Release|Any CPU
		{D78C6442-8C15-DA29-63BA-9D22B0C67022}.Release|Any CPU.Build.0 = Release|Any CPU
		{693BA64F-C475-9222-BA3E-0179076DD55A}.Debug|Any CPU.ActiveCfg = Debug|Any CPU
		{693BA64F-C475-9222-BA3E-0179076DD55A}.Debug|Any CPU.Build.0 = Debug|Any CPU
		{693BA64F-C475-9222-BA3E-0179076DD55A}.Release|Any CPU.ActiveCfg = Release|Any CPU
		{693BA64F-C475-9222-BA3E-0179076DD55A}.Release|Any CPU.Build.0 = Release|Any CPU
	EndGlobalSection
	GlobalSection(SolutionProperties) = preSolution
		HideSolutionNode = FALSE
	EndGlobalSection
EndGlobal
